// !$*UTF8*$!
{
	archiveVersion = 1;
	classes = {
	};
	objectVersion = 46;
	objects = {

/* Begin PBXBuildFile section */
		104BA5D41CF68122000C1266 /* main.m in Sources */ = {isa = PBXBuildFile; fileRef = 104BA5D31CF68122000C1266 /* main.m */; };
		104BA5D71CF68122000C1266 /* AppDelegate.m in Sources */ = {isa = PBXBuildFile; fileRef = 104BA5D61CF68122000C1266 /* AppDelegate.m */; };
		104BA5DA1CF68122000C1266 /* ViewController.m in Sources */ = {isa = PBXBuildFile; fileRef = 104BA5D91CF68122000C1266 /* ViewController.m */; };
		104BA5DD1CF68122000C1266 /* Main.storyboard in Resources */ = {isa = PBXBuildFile; fileRef = 104BA5DB1CF68122000C1266 /* Main.storyboard */; };
		104BA5DF1CF68122000C1266 /* Assets.xcassets in Resources */ = {isa = PBXBuildFile; fileRef = 104BA5DE1CF68122000C1266 /* Assets.xcassets */; };
		104BA5E21CF68122000C1266 /* LaunchScreen.storyboard in Resources */ = {isa = PBXBuildFile; fileRef = 104BA5E01CF68122000C1266 /* LaunchScreen.storyboard */; };
		104BA5ED1CF68122000C1266 /* exampleSunMoonTests.m in Sources */ = {isa = PBXBuildFile; fileRef = 104BA5EC1CF68122000C1266 /* exampleSunMoonTests.m */; };
/* End PBXBuildFile section */

/* Begin PBXContainerItemProxy section */
		104BA5E91CF68122000C1266 /* PBXContainerItemProxy */ = {
			isa = PBXContainerItemProxy;
			containerPortal = 104BA5C71CF68122000C1266 /* Project object */;
			proxyType = 1;
			remoteGlobalIDString = 104BA5CE1CF68122000C1266;
			remoteInfo = exampleSunMoon;
		};
/* End PBXContainerItemProxy section */

/* Begin PBXFileReference section */
		104BA5CF1CF68122000C1266 /* exampleSunMoon.app */ = {isa = PBXFileReference; explicitFileType = wrapper.application; includeInIndex = 0; path = exampleSunMoon.app; sourceTree = BUILT_PRODUCTS_DIR; };
		104BA5D31CF68122000C1266 /* main.m */ = {isa = PBXFileReference; lastKnownFileType = sourcecode.c.objc; path = main.m; sourceTree = "<group>"; };
		104BA5D51CF68122000C1266 /* AppDelegate.h */ = {isa = PBXFileReference; lastKnownFileType = sourcecode.c.h; path = AppDelegate.h; sourceTree = "<group>"; };
		104BA5D61CF68122000C1266 /* AppDelegate.m */ = {isa = PBXFileReference; lastKnownFileType = sourcecode.c.objc; path = AppDelegate.m; sourceTree = "<group>"; };
		104BA5D81CF68122000C1266 /* ViewController.h */ = {isa = PBXFileReference; lastKnownFileType = sourcecode.c.h; path = ViewController.h; sourceTree = "<group>"; };
		104BA5D91CF68122000C1266 /* ViewController.m */ = {isa = PBXFileReference; lastKnownFileType = sourcecode.c.objc; path = ViewController.m; sourceTree = "<group>"; };
		104BA5DC1CF68122000C1266 /* Base */ = {isa = PBXFileReference; lastKnownFileType = file.storyboard; name = Base; path = Base.lproj/Main.storyboard; sourceTree = "<group>"; };
		104BA5DE1CF68122000C1266 /* Assets.xcassets */ = {isa = PBXFileReference; lastKnownFileType = folder.assetcatalog; path = Assets.xcassets; sourceTree = "<group>"; };
		104BA5E11CF68122000C1266 /* Base */ = {isa = PBXFileReference; lastKnownFileType = file.storyboard; name = Base; path = Base.lproj/LaunchScreen.storyboard; sourceTree = "<group>"; };
		104BA5E31CF68122000C1266 /* Info.plist */ = {isa = PBXFileReference; lastKnownFileType = text.plist.xml; path = Info.plist; sourceTree = "<group>"; };
		104BA5E81CF68122000C1266 /* exampleSunMoonTests.xctest */ = {isa = PBXFileReference; explicitFileType = wrapper.cfbundle; includeInIndex = 0; path = exampleSunMoonTests.xctest; sourceTree = BUILT_PRODUCTS_DIR; };
		104BA5EC1CF68122000C1266 /* exampleSunMoonTests.m */ = {isa = PBXFileReference; lastKnownFileType = sourcecode.c.objc; path = exampleSunMoonTests.m; sourceTree = "<group>"; };
		104BA5EE1CF68122000C1266 /* Info.plist */ = {isa = PBXFileReference; lastKnownFileType = text.plist.xml; path = Info.plist; sourceTree = "<group>"; };
/* End PBXFileReference section */

/* Begin PBXFrameworksBuildPhase section */
		104BA5CC1CF68122000C1266 /* Frameworks */ = {
			isa = PBXFrameworksBuildPhase;
			buildActionMask = 2147483647;
			files = (
			);
			runOnlyForDeploymentPostprocessing = 0;
		};
		104BA5E51CF68122000C1266 /* Frameworks */ = {
			isa = PBXFrameworksBuildPhase;
			buildActionMask = 2147483647;
			files = (
			);
			runOnlyForDeploymentPostprocessing = 0;
		};
/* End PBXFrameworksBuildPhase section */

/* Begin PBXGroup section */
		104BA5C61CF68122000C1266 = {
			isa = PBXGroup;
			children = (
				104BA5D11CF68122000C1266 /* exampleSunMoon */,
				104BA5EB1CF68122000C1266 /* exampleSunMoonTests */,
				104BA5D01CF68122000C1266 /* Products */,
			);
			sourceTree = "<group>";
		};
		104BA5D01CF68122000C1266 /* Products */ = {
			isa = PBXGroup;
			children = (
				104BA5CF1CF68122000C1266 /* exampleSunMoon.app */,
				104BA5E81CF68122000C1266 /* exampleSunMoonTests.xctest */,
			);
			name = Products;
			sourceTree = "<group>";
		};
		104BA5D11CF68122000C1266 /* exampleSunMoon */ = {
			isa = PBXGroup;
			children = (
				104BA5D51CF68122000C1266 /* AppDelegate.h */,
				104BA5D61CF68122000C1266 /* AppDelegate.m */,
				104BA5D81CF68122000C1266 /* ViewController.h */,
				104BA5D91CF68122000C1266 /* ViewController.m */,
				104BA5DB1CF68122000C1266 /* Main.storyboard */,
				104BA5DE1CF68122000C1266 /* Assets.xcassets */,
				104BA5E01CF68122000C1266 /* LaunchScreen.storyboard */,
				104BA5E31CF68122000C1266 /* Info.plist */,
				104BA5D21CF68122000C1266 /* Supporting Files */,
			);
			path = exampleSunMoon;
			sourceTree = "<group>";
		};
		104BA5D21CF68122000C1266 /* Supporting Files */ = {
			isa = PBXGroup;
			children = (
				104BA5D31CF68122000C1266 /* main.m */,
			);
			name = "Supporting Files";
			sourceTree = "<group>";
		};
		104BA5EB1CF68122000C1266 /* exampleSunMoonTests */ = {
			isa = PBXGroup;
			children = (
				104BA5EC1CF68122000C1266 /* exampleSunMoonTests.m */,
				104BA5EE1CF68122000C1266 /* Info.plist */,
			);
			path = exampleSunMoonTests;
			sourceTree = "<group>";
		};
/* End PBXGroup section */

/* Begin PBXNativeTarget section */
		104BA5CE1CF68122000C1266 /* exampleSunMoon */ = {
			isa = PBXNativeTarget;
			buildConfigurationList = 104BA5F11CF68122000C1266 /* Build configuration list for PBXNativeTarget "exampleSunMoon" */;
			buildPhases = (
				104BA5CB1CF68122000C1266 /* Sources */,
				104BA5CC1CF68122000C1266 /* Frameworks */,
				104BA5CD1CF68122000C1266 /* Resources */,
			);
			buildRules = (
			);
			dependencies = (
			);
			name = exampleSunMoon;
			productName = exampleSunMoon;
			productReference = 104BA5CF1CF68122000C1266 /* exampleSunMoon.app */;
			productType = "com.apple.product-type.application";
		};
		104BA5E71CF68122000C1266 /* exampleSunMoonTests */ = {
			isa = PBXNativeTarget;
			buildConfigurationList = 104BA5F41CF68122000C1266 /* Build configuration list for PBXNativeTarget "exampleSunMoonTests" */;
			buildPhases = (
				104BA5E41CF68122000C1266 /* Sources */,
				104BA5E51CF68122000C1266 /* Frameworks */,
				104BA5E61CF68122000C1266 /* Resources */,
			);
			buildRules = (
			);
			dependencies = (
				104BA5EA1CF68122000C1266 /* PBXTargetDependency */,
			);
			name = exampleSunMoonTests;
			productName = exampleSunMoonTests;
			productReference = 104BA5E81CF68122000C1266 /* exampleSunMoonTests.xctest */;
			productType = "com.apple.product-type.bundle.unit-test";
		};
/* End PBXNativeTarget section */

/* Begin PBXProject section */
		104BA5C71CF68122000C1266 /* Project object */ = {
			isa = PBXProject;
			attributes = {
				LastUpgradeCheck = 0730;
				ORGANIZATIONNAME = YamashitaMasahiro;
				TargetAttributes = {
					104BA5CE1CF68122000C1266 = {
						CreatedOnToolsVersion = 7.3.1;
					};
					104BA5E71CF68122000C1266 = {
						CreatedOnToolsVersion = 7.3.1;
						TestTargetID = 104BA5CE1CF68122000C1266;
					};
				};
			};
			buildConfigurationList = 104BA5CA1CF68122000C1266 /* Build configuration list for PBXProject "exampleSunMoon" */;
			compatibilityVersion = "Xcode 3.2";
			developmentRegion = English;
			hasScannedForEncodings = 0;
			knownRegions = (
				en,
				Base,
			);
			mainGroup = 104BA5C61CF68122000C1266;
			productRefGroup = 104BA5D01CF68122000C1266 /* Products */;
			projectDirPath = "";
			projectRoot = "";
			targets = (
				104BA5CE1CF68122000C1266 /* exampleSunMoon */,
				104BA5E71CF68122000C1266 /* exampleSunMoonTests */,
			);
		};
/* End PBXProject section */

/* Begin PBXResourcesBuildPhase section */
		104BA5CD1CF68122000C1266 /* Resources */ = {
			isa = PBXResourcesBuildPhase;
			buildActionMask = 2147483647;
			files = (
				104BA5E21CF68122000C1266 /* LaunchScreen.storyboard in Resources */,
				104BA5DF1CF68122000C1266 /* Assets.xcassets in Resources */,
				104BA5DD1CF68122000C1266 /* Main.storyboard in Resources */,
			);
			runOnlyForDeploymentPostprocessing = 0;
		};
		104BA5E61CF68122000C1266 /* Resources */ = {
			isa = PBXResourcesBuildPhase;
			buildActionMask = 2147483647;
			files = (
			);
			runOnlyForDeploymentPostprocessing = 0;
		};
/* End PBXResourcesBuildPhase section */

/* Begin PBXSourcesBuildPhase section */
		104BA5CB1CF68122000C1266 /* Sources */ = {
			isa = PBXSourcesBuildPhase;
			buildActionMask = 2147483647;
			files = (
				104BA5DA1CF68122000C1266 /* ViewController.m in Sources */,
				104BA5D71CF68122000C1266 /* AppDelegate.m in Sources */,
				104BA5D41CF68122000C1266 /* main.m in Sources */,
			);
			runOnlyForDeploymentPostprocessing = 0;
		};
		104BA5E41CF68122000C1266 /* Sources */ = {
			isa = PBXSourcesBuildPhase;
			buildActionMask = 2147483647;
			files = (
				104BA5ED1CF68122000C1266 /* exampleSunMoonTests.m in Sources */,
			);
			runOnlyForDeploymentPostprocessing = 0;
		};
/* End PBXSourcesBuildPhase section */

/* Begin PBXTargetDependency section */
		104BA5EA1CF68122000C1266 /* PBXTargetDependency */ = {
			isa = PBXTargetDependency;
			target = 104BA5CE1CF68122000C1266 /* exampleSunMoon */;
			targetProxy = 104BA5E91CF68122000C1266 /* PBXContainerItemProxy */;
		};
/* End PBXTargetDependency section */

/* Begin PBXVariantGroup section */
		104BA5DB1CF68122000C1266 /* Main.storyboard */ = {
			isa = PBXVariantGroup;
			children = (
				104BA5DC1CF68122000C1266 /* Base */,
			);
			name = Main.storyboard;
			sourceTree = "<group>";
		};
		104BA5E01CF68122000C1266 /* LaunchScreen.storyboard */ = {
			isa = PBXVariantGroup;
			children = (
				104BA5E11CF68122000C1266 /* Base */,
			);
			name = LaunchScreen.storyboard;
			sourceTree = "<group>";
		};
/* End PBXVariantGroup section */

/* Begin XCBuildConfiguration section */
		104BA5EF1CF68122000C1266 /* Debug */ = {
			isa = XCBuildConfiguration;
			buildSettings = {
				ALWAYS_SEARCH_USER_PATHS = NO;
				CLANG_ANALYZER_NONNULL = YES;
				CLANG_CXX_LANGUAGE_STANDARD = "gnu++0x";
				CLANG_CXX_LIBRARY = "libc++";
				CLANG_ENABLE_MODULES = YES;
				CLANG_ENABLE_OBJC_ARC = YES;
				CLANG_WARN_BOOL_CONVERSION = YES;
				CLANG_WARN_CONSTANT_CONVERSION = YES;
				CLANG_WARN_DIRECT_OBJC_ISA_USAGE = YES_ERROR;
				CLANG_WARN_EMPTY_BODY = YES;
				CLANG_WARN_ENUM_CONVERSION = YES;
				CLANG_WARN_INT_CONVERSION = YES;
				CLANG_WARN_OBJC_ROOT_CLASS = YES_ERROR;
				CLANG_WARN_UNREACHABLE_CODE = YES;
				CLANG_WARN__DUPLICATE_METHOD_MATCH = YES;
				"CODE_SIGN_IDENTITY[sdk=iphoneos*]" = "iPhone Developer";
				COPY_PHASE_STRIP = NO;
				DEBUG_INFORMATION_FORMAT = dwarf;
				ENABLE_STRICT_OBJC_MSGSEND = YES;
				ENABLE_TESTABILITY = YES;
				GCC_C_LANGUAGE_STANDARD = gnu99;
				GCC_DYNAMIC_NO_PIC = NO;
				GCC_NO_COMMON_BLOCKS = YES;
				GCC_OPTIMIZATION_LEVEL = 0;
				GCC_PREPROCESSOR_DEFINITIONS = (
					"DEBUG=1",
					"$(inherited)",
				);
				GCC_WARN_64_TO_32_BIT_CONVERSION = YES;
				GCC_WARN_ABOUT_RETURN_TYPE = YES_ERROR;
				GCC_WARN_UNDECLARED_SELECTOR = YES;
				GCC_WARN_UNINITIALIZED_AUTOS = YES_AGGRESSIVE;
				GCC_WARN_UNUSED_FUNCTION = YES;
				GCC_WARN_UNUSED_VARIABLE = YES;
				IPHONEOS_DEPLOYMENT_TARGET = 9.3;
				MTL_ENABLE_DEBUG_INFO = YES;
				ONLY_ACTIVE_ARCH = YES;
				SDKROOT = iphoneos;
				TARGETED_DEVICE_FAMILY = "1,2";
			};
			name = Debug;
		};
		104BA5F01CF68122000C1266 /* Release */ = {
			isa = XCBuildConfiguration;
			buildSettings = {
				ALWAYS_SEARCH_USER_PATHS = NO;
				CLANG_ANALYZER_NONNULL = YES;
				CLANG_CXX_LANGUAGE_STANDARD = "gnu++0x";
				CLANG_CXX_LIBRARY = "libc++";
				CLANG_ENABLE_MODULES = YES;
				CLANG_ENABLE_OBJC_ARC = YES;
				CLANG_WARN_BOOL_CONVERSION = YES;
				CLANG_WARN_CONSTANT_CONVERSION = YES;
				CLANG_WARN_DIRECT_OBJC_ISA_USAGE = YES_ERROR;
				CLANG_WARN_EMPTY_BODY = YES;
				CLANG_WARN_ENUM_CONVERSION = YES;
				CLANG_WARN_INT_CONVERSION = YES;
				CLANG_WARN_OBJC_ROOT_CLASS = YES_ERROR;
				CLANG_WARN_UNREACHABLE_CODE = YES;
				CLANG_WARN__DUPLICATE_METHOD_MATCH = YES;
				"CODE_SIGN_IDENTITY[sdk=iphoneos*]" = "iPhone Developer";
				COPY_PHASE_STRIP = NO;
				DEBUG_INFORMATION_FORMAT = "dwarf-with-dsym";
				ENABLE_NS_ASSERTIONS = NO;
				ENABLE_STRICT_OBJC_MSGSEND = YES;
				GCC_C_LANGUAGE_STANDARD = gnu99;
				GCC_NO_COMMON_BLOCKS = YES;
				GCC_WARN_64_TO_32_BIT_CONVERSION = YES;
				GCC_WARN_ABOUT_RETURN_TYPE = YES_ERROR;
				GCC_WARN_UNDECLARED_SELECTOR = YES;
				GCC_WARN_UNINITIALIZED_AUTOS = YES_AGGRESSIVE;
				GCC_WARN_UNUSED_FUNCTION = YES;
				GCC_WARN_UNUSED_VARIABLE = YES;
				IPHONEOS_DEPLOYMENT_TARGET = 9.3;
				MTL_ENABLE_DEBUG_INFO = NO;
				SDKROOT = iphoneos;
				TARGETED_DEVICE_FAMILY = "1,2";
				VALIDATE_PRODUCT = YES;
			};
			name = Release;
		};
		104BA5F21CF68122000C1266 /* Debug */ = {
			isa = XCBuildConfiguration;
			buildSettings = {
				ASSETCATALOG_COMPILER_APPICON_NAME = AppIcon;
				INFOPLIST_FILE = exampleSunMoon/Info.plist;
				LD_RUNPATH_SEARCH_PATHS = "$(inherited) @executable_path/Frameworks";
				PRODUCT_BUNDLE_IDENTIFIER = MYSunMoon.exampleSunMoon;
				PRODUCT_NAME = "$(TARGET_NAME)";
			};
			name = Debug;
		};
		104BA5F31CF68122000C1266 /* Release */ = {
			isa = XCBuildConfiguration;
			buildSettings = {
				ASSETCATALOG_COMPILER_APPICON_NAME = AppIcon;
				INFOPLIST_FILE = exampleSunMoon/Info.plist;
				LD_RUNPATH_SEARCH_PATHS = "$(inherited) @executable_path/Frameworks";
				PRODUCT_BUNDLE_IDENTIFIER = MYSunMoon.exampleSunMoon;
				PRODUCT_NAME = "$(TARGET_NAME)";
			};
			name = Release;
		};
		104BA5F51CF68122000C1266 /* Debug */ = {
			isa = XCBuildConfiguration;
			buildSettings = {
				BUNDLE_LOADER = "$(TEST_HOST)";
				INFOPLIST_FILE = exampleSunMoonTests/Info.plist;
				LD_RUNPATH_SEARCH_PATHS = "$(inherited) @executable_path/Frameworks @loader_path/Frameworks";
				PRODUCT_BUNDLE_IDENTIFIER = MYSunMoon.exampleSunMoonTests;
				PRODUCT_NAME = "$(TARGET_NAME)";
				TEST_HOST = "$(BUILT_PRODUCTS_DIR)/exampleSunMoon.app/exampleSunMoon";
			};
			name = Debug;
		};
		104BA5F61CF68122000C1266 /* Release */ = {
			isa = XCBuildConfiguration;
			buildSettings = {
				BUNDLE_LOADER = "$(TEST_HOST)";
				INFOPLIST_FILE = exampleSunMoonTests/Info.plist;
				LD_RUNPATH_SEARCH_PATHS = "$(inherited) @executable_path/Frameworks @loader_path/Frameworks";
				PRODUCT_BUNDLE_IDENTIFIER = MYSunMoon.exampleSunMoonTests;
				PRODUCT_NAME = "$(TARGET_NAME)";
				TEST_HOST = "$(BUILT_PRODUCTS_DIR)/exampleSunMoon.app/exampleSunMoon";
			};
			name = Release;
		};
/* End XCBuildConfiguration section */

/* Begin XCConfigurationList section */
		104BA5CA1CF68122000C1266 /* Build configuration list for PBXProject "exampleSunMoon" */ = {
			isa = XCConfigurationList;
			buildConfigurations = (
				104BA5EF1CF68122000C1266 /* Debug */,
				104BA5F01CF68122000C1266 /* Release */,
			);
			defaultConfigurationIsVisible = 0;
			defaultConfigurationName = Release;
		};
		104BA5F11CF68122000C1266 /* Build configuration list for PBXNativeTarget "exampleSunMoon" */ = {
			isa = XCConfigurationList;
			buildConfigurations = (
				104BA5F21CF68122000C1266 /* Debug */,
				104BA5F31CF68122000C1266 /* Release */,
			);
			defaultConfigurationIsVisible = 0;
		};
		104BA5F41CF68122000C1266 /* Build configuration list for PBXNativeTarget "exampleSunMoonTests" */ = {
			isa = XCConfigurationList;
			buildConfigurations = (
				104BA5F51CF68122000C1266 /* Debug */,
				104BA5F61CF68122000C1266 /* Release */,
			);
			defaultConfigurationIsVisible = 0;
		};
/* End XCConfigurationList section */
	};
	rootObject = 104BA5C71CF68122000C1266 /* Project object */;
}
